
Microsoft Visual Studio Solution File, Format Version 12.00
# Visual Studio Version 17
VisualStudioVersion = 17.13.35919.96 d17.13
MinimumVisualStudioVersion = 10.0.40219.1
Project("{FAE04EC0-301F-11D3-BF4B-00C04F79EFBC}") = "Summer nummerne fra 1 til N", "Summer nummerne fra 1 til N\Summer nummerne fra 1 til N.csproj", "{573EFD14-2ADE-4CFF-87AD-E7340E785270}"
EndProject
Global
	GlobalSection(SolutionConfigurationPlatforms) = preSolution
		Debug|Any CPU = Debug|Any CPU
		Release|Any CPU = Release|Any CPU
	EndGlobalSection
	GlobalSection(ProjectConfigurationPlatforms) = postSolution
		{573EFD14-2ADE-4CFF-87AD-E7340E785270}.Debug|Any CPU.ActiveCfg = Debug|Any CPU
		{573EFD14-2ADE-4CFF-87AD-E7340E785270}.Debug|Any CPU.Build.0 = Debug|Any CPU
		{573EFD14-2ADE-4CFF-87AD-E7340E785270}.Release|Any CPU.ActiveCfg = Release|Any CPU
		{573EFD14-2ADE-4CFF-87AD-E7340E785270}.Release|Any CPU.Build.0 = Release|Any CPU
	EndGlobalSection
	GlobalSection(SolutionProperties) = preSolution
		HideSolutionNode = FALSE
	EndGlobalSection
	GlobalSection(ExtensibilityGlobals) = postSolution
		SolutionGuid = {135F806F-B364-4E6E-AB38-A4D691C6EE8D}
	EndGlobalSection
EndGlobal
